{
    "_readme": [
        "This file locks the dependencies of your project to a known state",
        "Read more about it at https://getcomposer.org/doc/01-basic-usage.md#installing-dependencies",
        "This file is @generated automatically"
    ],
    "content-hash": "25ff0c9012b0d2f42ccc9ab89392d930",
    "packages": [
        {
            "name": "insolita/unused-scanner",
            "version": "2.3.0",
            "source": {
                "type": "git",
                "url": "https://github.com/Insolita/unused-scanner.git",
                "reference": "c52f871b138f24a8d98e000ca9f02b51f81fa900"
            },
            "dist": {
                "type": "zip",
                "url": "https://api.github.com/repos/Insolita/unused-scanner/zipball/c52f871b138f24a8d98e000ca9f02b51f81fa900",
                "reference": "c52f871b138f24a8d98e000ca9f02b51f81fa900",
                "shasum": ""
            },
            "require": {
                "ext-json": "*",
                "ext-mbstring": "*",
                "php": ">=7.1",
                "symfony/finder": "^3.4|^4.0|^5.0"
            },
            "require-dev": {
                "php-mock/php-mock-phpunit": "^2.6",
                "phpunit/phpunit": "^7.0|^8.0|^9.0",
                "symfony/thanks": "^1.2"
            },
            "bin": [
                "unused_scanner"
            ],
            "type": "library",
            "extra": {
                "branch-alias": {
                    "dev-legacy": "1.3.x-dev"
                }
            },
            "autoload": {
                "psr-4": {
                    "insolita\\Scanner\\Lib\\": "Lib",
                    "insolita\\Scanner\\Exceptions\\": "Exceptions",
                    "tests\\": "tests"
                }
            },
            "notification-url": "https://packagist.org/downloads/",
            "license": [
                "mit"
            ],
            "authors": [
                {
                    "name": "insolita",
                    "email": "webmaster100500@ya.ru"
                }
            ],
            "description": "Detect unused composer dependencies",
            "support": {
                "issues": "https://github.com/Insolita/unused-scanner/issues",
                "source": "https://github.com/Insolita/unused-scanner/tree/2.3.0"
            },
            "time": "2021-04-15T15:59:31+00:00"
        },
        {
            "name": "symfony/finder",
            "version": "v5.0.4",
            "source": {
                "type": "git",
                "url": "https://github.com/symfony/finder.git",
                "reference": "4176e7cb846fe08f32518b7e0ed8462e2db8d9bb"
            },
            "dist": {
                "type": "zip",
                "url": "https://api.github.com/repos/symfony/finder/zipball/4176e7cb846fe08f32518b7e0ed8462e2db8d9bb",
                "reference": "4176e7cb846fe08f32518b7e0ed8462e2db8d9bb",
                "shasum": ""
            },
            "require": {
                "php": "^7.2.5"
            },
            "type": "library",
            "extra": {
                "branch-alias": {
                    "dev-master": "5.0-dev"
                }
            },
            "autoload": {
                "psr-4": {
                    "Symfony\\Component\\Finder\\": ""
                },
                "exclude-from-classmap": [
                    "/Tests/"
                ]
            },
            "notification-url": "https://packagist.org/downloads/",
            "license": [
                "MIT"
            ],
            "authors": [
                {
                    "name": "Fabien Potencier",
                    "email": "fabien@symfony.com"
                },
                {
                    "name": "Symfony Community",
                    "homepage": "https://symfony.com/contributors"
                }
            ],
            "description": "Symfony Finder Component",
            "homepage": "https://symfony.com",
            "support": {
                "source": "https://github.com/symfony/finder/tree/v5.0.4"
            },
            "time": "2020-01-04T14:08:26+00:00"
        }
    ],
    "packages-dev": [],
    "aliases": [],
    "minimum-stability": "stable",
    "stability-flags": [],
    "prefer-stable": false,
    "prefer-lowest": false,
    "platform": {
        "php": ">=7.3.0",
        "ext-mbstring": "*"
    },
    "platform-dev": [],
    "plugin-api-version": "2.0.0"
}
